// !$*UTF8*$!
{
	archiveVersion = 1;
	classes = {
	};
	objectVersion = 46;
	objects = {

/* Begin PBXBuildFile section */
		33431A351D9CAF8B006D8D00 /* FJAlertController.m in Sources */ = {isa = PBXBuildFile; fileRef = 33431A341D9CAF8B006D8D00 /* FJAlertController.m */; };
		3393A0B31D9CAB2800C9FBB0 /* main.m in Sources */ = {isa = PBXBuildFile; fileRef = 3393A0B21D9CAB2800C9FBB0 /* main.m */; };
		3393A0B61D9CAB2800C9FBB0 /* AppDelegate.m in Sources */ = {isa = PBXBuildFile; fileRef = 3393A0B51D9CAB2800C9FBB0 /* AppDelegate.m */; };
		3393A0B91D9CAB2800C9FBB0 /* ViewController.m in Sources */ = {isa = PBXBuildFile; fileRef = 3393A0B81D9CAB2800C9FBB0 /* ViewController.m */; };
		3393A0BC1D9CAB2800C9FBB0 /* Main.storyboard in Resources */ = {isa = PBXBuildFile; fileRef = 3393A0BA1D9CAB2800C9FBB0 /* Main.storyboard */; };
		3393A0BE1D9CAB2800C9FBB0 /* Assets.xcassets in Resources */ = {isa = PBXBuildFile; fileRef = 3393A0BD1D9CAB2800C9FBB0 /* Assets.xcassets */; };
		3393A0C11D9CAB2800C9FBB0 /* LaunchScreen.storyboard in Resources */ = {isa = PBXBuildFile; fileRef = 3393A0BF1D9CAB2800C9FBB0 /* LaunchScreen.storyboard */; };
/* End PBXBuildFile section */

/* Begin PBXFileReference section */
		33431A331D9CAF8B006D8D00 /* FJAlertController.h */ = {isa = PBXFileReference; fileEncoding = 4; lastKnownFileType = sourcecode.c.h; path = FJAlertController.h; sourceTree = "<group>"; };
		33431A341D9CAF8B006D8D00 /* FJAlertController.m */ = {isa = PBXFileReference; fileEncoding = 4; lastKnownFileType = sourcecode.c.objc; path = FJAlertController.m; sourceTree = "<group>"; };
		3393A0AE1D9CAB2800C9FBB0 /* FJAlertController.app */ = {isa = PBXFileReference; explicitFileType = wrapper.application; includeInIndex = 0; path = FJAlertController.app; sourceTree = BUILT_PRODUCTS_DIR; };
		3393A0B21D9CAB2800C9FBB0 /* main.m */ = {isa = PBXFileReference; lastKnownFileType = sourcecode.c.objc; path = main.m; sourceTree = "<group>"; };
		3393A0B41D9CAB2800C9FBB0 /* AppDelegate.h */ = {isa = PBXFileReference; lastKnownFileType = sourcecode.c.h; path = AppDelegate.h; sourceTree = "<group>"; };
		3393A0B51D9CAB2800C9FBB0 /* AppDelegate.m */ = {isa = PBXFileReference; lastKnownFileType = sourcecode.c.objc; path = AppDelegate.m; sourceTree = "<group>"; };
		3393A0B71D9CAB2800C9FBB0 /* ViewController.h */ = {isa = PBXFileReference; lastKnownFileType = sourcecode.c.h; path = ViewController.h; sourceTree = "<group>"; };
		3393A0B81D9CAB2800C9FBB0 /* ViewController.m */ = {isa = PBXFileReference; lastKnownFileType = sourcecode.c.objc; path = ViewController.m; sourceTree = "<group>"; };
		3393A0BB1D9CAB2800C9FBB0 /* Base */ = {isa = PBXFileReference; lastKnownFileType = file.storyboard; name = Base; path = Base.lproj/Main.storyboard; sourceTree = "<group>"; };
		3393A0BD1D9CAB2800C9FBB0 /* Assets.xcassets */ = {isa = PBXFileReference; lastKnownFileType = folder.assetcatalog; path = Assets.xcassets; sourceTree = "<group>"; };
		3393A0C01D9CAB2800C9FBB0 /* Base */ = {isa = PBXFileReference; lastKnownFileType = file.storyboard; name = Base; path = Base.lproj/LaunchScreen.storyboard; sourceTree = "<group>"; };
		3393A0C21D9CAB2800C9FBB0 /* Info.plist */ = {isa = PBXFileReference; lastKnownFileType = text.plist.xml; path = Info.plist; sourceTree = "<group>"; };
/* End PBXFileReference section */

/* Begin PBXFrameworksBuildPhase section */
		3393A0AB1D9CAB2800C9FBB0 /* Frameworks */ = {
			isa = PBXFrameworksBuildPhase;
			buildActionMask = 2147483647;
			files = (
			);
			runOnlyForDeploymentPostprocessing = 0;
		};
/* End PBXFrameworksBuildPhase section */

/* Begin PBXGroup section */
		3393A0A51D9CAB2800C9FBB0 = {
			isa = PBXGroup;
			children = (
				3393A0B01D9CAB2800C9FBB0 /* FJAlertController */,
				3393A0AF1D9CAB2800C9FBB0 /* Products */,
			);
			sourceTree = "<group>";
		};
		3393A0AF1D9CAB2800C9FBB0 /* Products */ = {
			isa = PBXGroup;
			children = (
				3393A0AE1D9CAB2800C9FBB0 /* FJAlertController.app */,
			);
			name = Products;
			sourceTree = "<group>";
		};
		3393A0B01D9CAB2800C9FBB0 /* FJAlertController */ = {
			isa = PBXGroup;
			children = (
				3393A0B41D9CAB2800C9FBB0 /* AppDelegate.h */,
				3393A0B51D9CAB2800C9FBB0 /* AppDelegate.m */,
				3393A0B71D9CAB2800C9FBB0 /* ViewController.h */,
				3393A0B81D9CAB2800C9FBB0 /* ViewController.m */,
				33431A331D9CAF8B006D8D00 /* FJAlertController.h */,
				33431A341D9CAF8B006D8D00 /* FJAlertController.m */,
				3393A0BA1D9CAB2800C9FBB0 /* Main.storyboard */,
				3393A0BD1D9CAB2800C9FBB0 /* Assets.xcassets */,
				3393A0BF1D9CAB2800C9FBB0 /* LaunchScreen.storyboard */,
				3393A0C21D9CAB2800C9FBB0 /* Info.plist */,
				3393A0B11D9CAB2800C9FBB0 /* Supporting Files */,
			);
			path = FJAlertController;
			sourceTree = "<group>";
		};
		3393A0B11D9CAB2800C9FBB0 /* Supporting Files */ = {
			isa = PBXGroup;
			children = (
				3393A0B21D9CAB2800C9FBB0 /* main.m */,
			);
			name = "Supporting Files";
			sourceTree = "<group>";
		};
/* End PBXGroup section */

/* Begin PBXNativeTarget section */
		3393A0AD1D9CAB2800C9FBB0 /* FJAlertController */ = {
			isa = PBXNativeTarget;
			buildConfigurationList = 3393A0C51D9CAB2800C9FBB0 /* Build configuration list for PBXNativeTarget "FJAlertController" */;
			buildPhases = (
				3393A0AA1D9CAB2800C9FBB0 /* Sources */,
				3393A0AB1D9CAB2800C9FBB0 /* Frameworks */,
				3393A0AC1D9CAB2800C9FBB0 /* Resources */,
			);
			buildRules = (
			);
			dependencies = (
			);
			name = FJAlertController;
			productName = FJAlertController;
			productReference = 3393A0AE1D9CAB2800C9FBB0 /* FJAlertController.app */;
			productType = "com.apple.product-type.application";
		};
/* End PBXNativeTarget section */

/* Begin PBXProject section */
		3393A0A61D9CAB2800C9FBB0 /* Project object */ = {
			isa = PBXProject;
			attributes = {
				LastUpgradeCheck = 0730;
				ORGANIZATIONNAME = FengJie;
				TargetAttributes = {
					3393A0AD1D9CAB2800C9FBB0 = {
						CreatedOnToolsVersion = 7.3.1;
					};
				};
			};
			buildConfigurationList = 3393A0A91D9CAB2800C9FBB0 /* Build configuration list for PBXProject "FJAlertController" */;
			compatibilityVersion = "Xcode 3.2";
			developmentRegion = English;
			hasScannedForEncodings = 0;
			knownRegions = (
				en,
				Base,
			);
			mainGroup = 3393A0A51D9CAB2800C9FBB0;
			productRefGroup = 3393A0AF1D9CAB2800C9FBB0 /* Products */;
			projectDirPath = "";
			projectRoot = "";
			targets = (
				3393A0AD1D9CAB2800C9FBB0 /* FJAlertController */,
			);
		};
/* End PBXProject section */

/* Begin PBXResourcesBuildPhase section */
		3393A0AC1D9CAB2800C9FBB0 /* Resources */ = {
			isa = PBXResourcesBuildPhase;
			buildActionMask = 2147483647;
			files = (
				3393A0C11D9CAB2800C9FBB0 /* LaunchScreen.storyboard in Resources */,
				3393A0BE1D9CAB2800C9FBB0 /* Assets.xcassets in Resources */,
				3393A0BC1D9CAB2800C9FBB0 /* Main.storyboard in Resources */,
			);
			runOnlyForDeploymentPostprocessing = 0;
		};
/* End PBXResourcesBuildPhase section */

/* Begin PBXSourcesBuildPhase section */
		3393A0AA1D9CAB2800C9FBB0 /* Sources */ = {
			isa = PBXSourcesBuildPhase;
			buildActionMask = 2147483647;
			files = (
				3393A0B91D9CAB2800C9FBB0 /* ViewController.m in Sources */,
				3393A0B61D9CAB2800C9FBB0 /* AppDelegate.m in Sources */,
				33431A351D9CAF8B006D8D00 /* FJAlertController.m in Sources */,
				3393A0B31D9CAB2800C9FBB0 /* main.m in Sources */,
			);
			runOnlyForDeploymentPostprocessing = 0;
		};
/* End PBXSourcesBuildPhase section */

/* Begin PBXVariantGroup section */
		3393A0BA1D9CAB2800C9FBB0 /* Main.storyboard */ = {
			isa = PBXVariantGroup;
			children = (
				3393A0BB1D9CAB2800C9FBB0 /* Base */,
			);
			name = Main.storyboard;
			sourceTree = "<group>";
		};
		3393A0BF1D9CAB2800C9FBB0 /* LaunchScreen.storyboard */ = {
			isa = PBXVariantGroup;
			children = (
				3393A0C01D9CAB2800C9FBB0 /* Base */,
			);
			name = LaunchScreen.storyboard;
			sourceTree = "<group>";
		};
/* End PBXVariantGroup section */

/* Begin XCBuildConfiguration section */
		3393A0C31D9CAB2800C9FBB0 /* Debug */ = {
			isa = XCBuildConfiguration;
			buildSettings = {
				ALWAYS_SEARCH_USER_PATHS = NO;
				CLANG_ANALYZER_NONNULL = YES;
				CLANG_CXX_LANGUAGE_STANDARD = "gnu++0x";
				CLANG_CXX_LIBRARY = "libc++";
				CLANG_ENABLE_MODULES = YES;
				CLANG_ENABLE_OBJC_ARC = YES;
				CLANG_WARN_BOOL_CONVERSION = YES;
				CLANG_WARN_CONSTANT_CONVERSION = YES;
				CLANG_WARN_DIRECT_OBJC_ISA_USAGE = YES_ERROR;
				CLANG_WARN_EMPTY_BODY = YES;
				CLANG_WARN_ENUM_CONVERSION = YES;
				CLANG_WARN_INT_CONVERSION = YES;
				CLANG_WARN_OBJC_ROOT_CLASS = YES_ERROR;
				CLANG_WARN_UNREACHABLE_CODE = YES;
				CLANG_WARN__DUPLICATE_METHOD_MATCH = YES;
				"CODE_SIGN_IDENTITY[sdk=iphoneos*]" = "iPhone Developer";
				COPY_PHASE_STRIP = NO;
				DEBUG_INFORMATION_FORMAT = dwarf;
				ENABLE_STRICT_OBJC_MSGSEND = YES;
				ENABLE_TESTABILITY = YES;
				GCC_C_LANGUAGE_STANDARD = gnu99;
				GCC_DYNAMIC_NO_PIC = NO;
				GCC_NO_COMMON_BLOCKS = YES;
				GCC_OPTIMIZATION_LEVEL = 0;
				GCC_PREPROCESSOR_DEFINITIONS = (
					"DEBUG=1",
					"$(inherited)",
				);
				GCC_WARN_64_TO_32_BIT_CONVERSION = YES;
				GCC_WARN_ABOUT_RETURN_TYPE = YES_ERROR;
				GCC_WARN_UNDECLARED_SELECTOR = YES;
				GCC_WARN_UNINITIALIZED_AUTOS = YES_AGGRESSIVE;
				GCC_WARN_UNUSED_FUNCTION = YES;
				GCC_WARN_UNUSED_VARIABLE = YES;
				IPHONEOS_DEPLOYMENT_TARGET = 9.3;
				MTL_ENABLE_DEBUG_INFO = YES;
				ONLY_ACTIVE_ARCH = YES;
				SDKROOT = iphoneos;
			};
			name = Debug;
		};
		3393A0C41D9CAB2800C9FBB0 /* Release */ = {
			isa = XCBuildConfiguration;
			buildSettings = {
				ALWAYS_SEARCH_USER_PATHS = NO;
				CLANG_ANALYZER_NONNULL = YES;
				CLANG_CXX_LANGUAGE_STANDARD = "gnu++0x";
				CLANG_CXX_LIBRARY = "libc++";
				CLANG_ENABLE_MODULES = YES;
				CLANG_ENABLE_OBJC_ARC = YES;
				CLANG_WARN_BOOL_CONVERSION = YES;
				CLANG_WARN_CONSTANT_CONVERSION = YES;
				CLANG_WARN_DIRECT_OBJC_ISA_USAGE = YES_ERROR;
				CLANG_WARN_EMPTY_BODY = YES;
				CLANG_WARN_ENUM_CONVERSION = YES;
				CLANG_WARN_INT_CONVERSION = YES;
				CLANG_WARN_OBJC_ROOT_CLASS = YES_ERROR;
				CLANG_WARN_UNREACHABLE_CODE = YES;
				CLANG_WARN__DUPLICATE_METHOD_MATCH = YES;
				"CODE_SIGN_IDENTITY[sdk=iphoneos*]" = "iPhone Developer";
				COPY_PHASE_STRIP = NO;
				DEBUG_INFORMATION_FORMAT = "dwarf-with-dsym";
				ENABLE_NS_ASSERTIONS = NO;
				ENABLE_STRICT_OBJC_MSGSEND = YES;
				GCC_C_LANGUAGE_STANDARD = gnu99;
				GCC_NO_COMMON_BLOCKS = YES;
				GCC_WARN_64_TO_32_BIT_CONVERSION = YES;
				GCC_WARN_ABOUT_RETURN_TYPE = YES_ERROR;
				GCC_WARN_UNDECLARED_SELECTOR = YES;
				GCC_WARN_UNINITIALIZED_AUTOS = YES_AGGRESSIVE;
				GCC_WARN_UNUSED_FUNCTION = YES;
				GCC_WARN_UNUSED_VARIABLE = YES;
				IPHONEOS_DEPLOYMENT_TARGET = 9.3;
				MTL_ENABLE_DEBUG_INFO = NO;
				SDKROOT = iphoneos;
				VALIDATE_PRODUCT = YES;
			};
			name = Release;
		};
		3393A0C61D9CAB2800C9FBB0 /* Debug */ = {
			isa = XCBuildConfiguration;
			buildSettings = {
				ASSETCATALOG_COMPILER_APPICON_NAME = AppIcon;
				INFOPLIST_FILE = FJAlertController/Info.plist;
				IPHONEOS_DEPLOYMENT_TARGET = 8.0;
				LD_RUNPATH_SEARCH_PATHS = "$(inherited) @executable_path/Frameworks";
				PRODUCT_BUNDLE_IDENTIFIER = com.fengjie.development.FJAlertController;
				PRODUCT_NAME = "$(TARGET_NAME)";
			};
			name = Debug;
		};
		3393A0C71D9CAB2800C9FBB0 /* Release */ = {
			isa = XCBuildConfiguration;
			buildSettings = {
				ASSETCATALOG_COMPILER_APPICON_NAME = AppIcon;
				INFOPLIST_FILE = FJAlertController/Info.plist;
				IPHONEOS_DEPLOYMENT_TARGET = 8.0;
				LD_RUNPATH_SEARCH_PATHS = "$(inherited) @executable_path/Frameworks";
				PRODUCT_BUNDLE_IDENTIFIER = com.fengjie.development.FJAlertController;
				PRODUCT_NAME = "$(TARGET_NAME)";
			};
			name = Release;
		};
/* End XCBuildConfiguration section */

/* Begin XCConfigurationList section */
		3393A0A91D9CAB2800C9FBB0 /* Build configuration list for PBXProject "FJAlertController" */ = {
			isa = XCConfigurationList;
			buildConfigurations = (
				3393A0C31D9CAB2800C9FBB0 /* Debug */,
				3393A0C41D9CAB2800C9FBB0 /* Release */,
			);
			defaultConfigurationIsVisible = 0;
			defaultConfigurationName = Release;
		};
		3393A0C51D9CAB2800C9FBB0 /* Build configuration list for PBXNativeTarget "FJAlertController" */ = {
			isa = XCConfigurationList;
			buildConfigurations = (
				3393A0C61D9CAB2800C9FBB0 /* Debug */,
				3393A0C71D9CAB2800C9FBB0 /* Release */,
			);
			defaultConfigurationIsVisible = 0;
			defaultConfigurationName = Release;
		};
/* End XCConfigurationList section */
	};
	rootObject = 3393A0A61D9CAB2800C9FBB0 /* Project object */;
}
